// !$*UTF8*$!
{
	archiveVersion = 1;
	classes = {
	};
	objectVersion = 50;
	objects = {

/* Begin PBXBuildFile section */
		3705576720E966B700C38971 /* ImageWindow.swift in Sources */ = {isa = PBXBuildFile; fileRef = 3705576620E966B700C38971 /* ImageWindow.swift */; };
		3705576920EB20E900C38971 /* Store.swift in Sources */ = {isa = PBXBuildFile; fileRef = 3705576820EB20E900C38971 /* Store.swift */; };
		3705576B20EB20F600C38971 /* FileSystemStore.swift in Sources */ = {isa = PBXBuildFile; fileRef = 3705576A20EB20F600C38971 /* FileSystemStore.swift */; };
		372F55DA20FAD1BD009F59B6 /* SettingsViewController.swift in Sources */ = {isa = PBXBuildFile; fileRef = 372F55D920FAD1BD009F59B6 /* SettingsViewController.swift */; };
		375E567520E948E10044020C /* AppDelegate.swift in Sources */ = {isa = PBXBuildFile; fileRef = 375E567420E948E10044020C /* AppDelegate.swift */; };
		375E567720E948E10044020C /* ImageViewController.swift in Sources */ = {isa = PBXBuildFile; fileRef = 375E567620E948E10044020C /* ImageViewController.swift */; };
		375E567920E948E20044020C /* Assets.xcassets in Resources */ = {isa = PBXBuildFile; fileRef = 375E567820E948E20044020C /* Assets.xcassets */; };
		375E567C20E948E20044020C /* Main.storyboard in Resources */ = {isa = PBXBuildFile; fileRef = 375E567A20E948E20044020C /* Main.storyboard */; };
		375E568520E94A8E0044020C /* shuffler2.rtf in Resources */ = {isa = PBXBuildFile; fileRef = 375E568420E94A8E0044020C /* shuffler2.rtf */; };
		37B5227420FBACA000D10F04 /* Utils.swift in Sources */ = {isa = PBXBuildFile; fileRef = 37B5227320FBACA000D10F04 /* Utils.swift */; };
/* End PBXBuildFile section */

/* Begin PBXFileReference section */
		3705576620E966B700C38971 /* ImageWindow.swift */ = {isa = PBXFileReference; lastKnownFileType = sourcecode.swift; path = ImageWindow.swift; sourceTree = "<group>"; };
		3705576820EB20E900C38971 /* Store.swift */ = {isa = PBXFileReference; lastKnownFileType = sourcecode.swift; path = Store.swift; sourceTree = "<group>"; };
		3705576A20EB20F600C38971 /* FileSystemStore.swift */ = {isa = PBXFileReference; lastKnownFileType = sourcecode.swift; path = FileSystemStore.swift; sourceTree = "<group>"; };
		372F55D920FAD1BD009F59B6 /* SettingsViewController.swift */ = {isa = PBXFileReference; lastKnownFileType = sourcecode.swift; path = SettingsViewController.swift; sourceTree = "<group>"; };
		375E567120E948E10044020C /* Shuffler2.app */ = {isa = PBXFileReference; explicitFileType = wrapper.application; includeInIndex = 0; path = Shuffler2.app; sourceTree = BUILT_PRODUCTS_DIR; };
		375E567420E948E10044020C /* AppDelegate.swift */ = {isa = PBXFileReference; lastKnownFileType = sourcecode.swift; path = AppDelegate.swift; sourceTree = "<group>"; };
		375E567620E948E10044020C /* ImageViewController.swift */ = {isa = PBXFileReference; lastKnownFileType = sourcecode.swift; path = ImageViewController.swift; sourceTree = "<group>"; };
		375E567820E948E20044020C /* Assets.xcassets */ = {isa = PBXFileReference; lastKnownFileType = folder.assetcatalog; path = Assets.xcassets; sourceTree = "<group>"; };
		375E567B20E948E20044020C /* Base */ = {isa = PBXFileReference; lastKnownFileType = file.storyboard; name = Base; path = Base.lproj/Main.storyboard; sourceTree = "<group>"; };
		375E567D20E948E20044020C /* Info.plist */ = {isa = PBXFileReference; lastKnownFileType = text.plist.xml; path = Info.plist; sourceTree = "<group>"; };
		375E567E20E948E20044020C /* Shuffler2.entitlements */ = {isa = PBXFileReference; lastKnownFileType = text.plist.entitlements; path = Shuffler2.entitlements; sourceTree = "<group>"; };
		375E568420E94A8E0044020C /* shuffler2.rtf */ = {isa = PBXFileReference; fileEncoding = 4; lastKnownFileType = text.rtf; path = shuffler2.rtf; sourceTree = "<group>"; };
		37B5227320FBACA000D10F04 /* Utils.swift */ = {isa = PBXFileReference; lastKnownFileType = sourcecode.swift; path = Utils.swift; sourceTree = "<group>"; };
/* End PBXFileReference section */

/* Begin PBXFrameworksBuildPhase section */
		375E566E20E948E10044020C /* Frameworks */ = {
			isa = PBXFrameworksBuildPhase;
			buildActionMask = 2147483647;
			files = (
			);
			runOnlyForDeploymentPostprocessing = 0;
		};
/* End PBXFrameworksBuildPhase section */

/* Begin PBXGroup section */
		375E566820E948E10044020C = {
			isa = PBXGroup;
			children = (
				375E568420E94A8E0044020C /* shuffler2.rtf */,
				375E567320E948E10044020C /* Shuffler2 */,
				375E567220E948E10044020C /* Products */,
			);
			sourceTree = "<group>";
		};
		375E567220E948E10044020C /* Products */ = {
			isa = PBXGroup;
			children = (
				375E567120E948E10044020C /* Shuffler2.app */,
			);
			name = Products;
			sourceTree = "<group>";
		};
		375E567320E948E10044020C /* Shuffler2 */ = {
			isa = PBXGroup;
			children = (
				375E567420E948E10044020C /* AppDelegate.swift */,
				3705576A20EB20F600C38971 /* FileSystemStore.swift */,
				375E567620E948E10044020C /* ImageViewController.swift */,
				3705576620E966B700C38971 /* ImageWindow.swift */,
				372F55D920FAD1BD009F59B6 /* SettingsViewController.swift */,
				3705576820EB20E900C38971 /* Store.swift */,
				37B5227320FBACA000D10F04 /* Utils.swift */,
				375E567820E948E20044020C /* Assets.xcassets */,
				375E567D20E948E20044020C /* Info.plist */,
				375E567A20E948E20044020C /* Main.storyboard */,
				375E567E20E948E20044020C /* Shuffler2.entitlements */,
			);
			path = Shuffler2;
			sourceTree = "<group>";
		};
/* End PBXGroup section */

/* Begin PBXNativeTarget section */
		375E567020E948E10044020C /* Shuffler2 */ = {
			isa = PBXNativeTarget;
			buildConfigurationList = 375E568120E948E20044020C /* Build configuration list for PBXNativeTarget "Shuffler2" */;
			buildPhases = (
				375E566D20E948E10044020C /* Sources */,
				375E566E20E948E10044020C /* Frameworks */,
				375E566F20E948E10044020C /* Resources */,
			);
			buildRules = (
			);
			dependencies = (
			);
			name = Shuffler2;
			productName = Shuffler2;
			productReference = 375E567120E948E10044020C /* Shuffler2.app */;
			productType = "com.apple.product-type.application";
		};
/* End PBXNativeTarget section */

/* Begin PBXProject section */
		375E566920E948E10044020C /* Project object */ = {
			isa = PBXProject;
			attributes = {
				LastSwiftUpdateCheck = 0940;
				LastUpgradeCheck = 0940;
				ORGANIZATIONNAME = MushinApps;
				TargetAttributes = {
					375E567020E948E10044020C = {
						CreatedOnToolsVersion = 9.4.1;
						SystemCapabilities = {
							com.apple.Sandbox = {
								enabled = 0;
							};
						};
					};
				};
			};
			buildConfigurationList = 375E566C20E948E10044020C /* Build configuration list for PBXProject "Shuffler2" */;
			compatibilityVersion = "Xcode 9.3";
			developmentRegion = en;
			hasScannedForEncodings = 0;
			knownRegions = (
				en,
				Base,
			);
			mainGroup = 375E566820E948E10044020C;
			productRefGroup = 375E567220E948E10044020C /* Products */;
			projectDirPath = "";
			projectRoot = "";
			targets = (
				375E567020E948E10044020C /* Shuffler2 */,
			);
		};
/* End PBXProject section */

/* Begin PBXResourcesBuildPhase section */
		375E566F20E948E10044020C /* Resources */ = {
			isa = PBXResourcesBuildPhase;
			buildActionMask = 2147483647;
			files = (
				375E567920E948E20044020C /* Assets.xcassets in Resources */,
				375E567C20E948E20044020C /* Main.storyboard in Resources */,
				375E568520E94A8E0044020C /* shuffler2.rtf in Resources */,
			);
			runOnlyForDeploymentPostprocessing = 0;
		};
/* End PBXResourcesBuildPhase section */

/* Begin PBXSourcesBuildPhase section */
		375E566D20E948E10044020C /* Sources */ = {
			isa = PBXSourcesBuildPhase;
			buildActionMask = 2147483647;
			files = (
				3705576B20EB20F600C38971 /* FileSystemStore.swift in Sources */,
				3705576720E966B700C38971 /* ImageWindow.swift in Sources */,
				375E567720E948E10044020C /* ImageViewController.swift in Sources */,
				37B5227420FBACA000D10F04 /* Utils.swift in Sources */,
				375E567520E948E10044020C /* AppDelegate.swift in Sources */,
				3705576920EB20E900C38971 /* Store.swift in Sources */,
				372F55DA20FAD1BD009F59B6 /* SettingsViewController.swift in Sources */,
			);
			runOnlyForDeploymentPostprocessing = 0;
		};
/* End PBXSourcesBuildPhase section */

/* Begin PBXVariantGroup section */
		375E567A20E948E20044020C /* Main.storyboard */ = {
			isa = PBXVariantGroup;
			children = (
				375E567B20E948E20044020C /* Base */,
			);
			name = Main.storyboard;
			sourceTree = "<group>";
		};
/* End PBXVariantGroup section */

/* Begin XCBuildConfiguration section */
		375E567F20E948E20044020C /* Debug */ = {
			isa = XCBuildConfiguration;
			buildSettings = {
				ALWAYS_SEARCH_USER_PATHS = NO;
				CLANG_ANALYZER_NONNULL = YES;
				CLANG_ANALYZER_NUMBER_OBJECT_CONVERSION = YES_AGGRESSIVE;
				CLANG_CXX_LANGUAGE_STANDARD = "gnu++14";
				CLANG_CXX_LIBRARY = "libc++";
				CLANG_ENABLE_MODULES = YES;
				CLANG_ENABLE_OBJC_ARC = YES;
				CLANG_ENABLE_OBJC_WEAK = YES;
				CLANG_WARN_BLOCK_CAPTURE_AUTORELEASING = YES;
				CLANG_WARN_BOOL_CONVERSION = YES;
				CLANG_WARN_COMMA = YES;
				CLANG_WARN_CONSTANT_CONVERSION = YES;
				CLANG_WARN_DEPRECATED_OBJC_IMPLEMENTATIONS = YES;
				CLANG_WARN_DIRECT_OBJC_ISA_USAGE = YES_ERROR;
				CLANG_WARN_DOCUMENTATION_COMMENTS = YES;
				CLANG_WARN_EMPTY_BODY = YES;
				CLANG_WARN_ENUM_CONVERSION = YES;
				CLANG_WARN_INFINITE_RECURSION = YES;
				CLANG_WARN_INT_CONVERSION = YES;
				CLANG_WARN_NON_LITERAL_NULL_CONVERSION = YES;
				CLANG_WARN_OBJC_IMPLICIT_RETAIN_SELF = YES;
				CLANG_WARN_OBJC_LITERAL_CONVERSION = YES;
				CLANG_WARN_OBJC_ROOT_CLASS = YES_ERROR;
				CLANG_WARN_RANGE_LOOP_ANALYSIS = YES;
				CLANG_WARN_STRICT_PROTOTYPES = YES;
				CLANG_WARN_SUSPICIOUS_MOVE = YES;
				CLANG_WARN_UNGUARDED_AVAILABILITY = YES_AGGRESSIVE;
				CLANG_WARN_UNREACHABLE_CODE = YES;
				CLANG_WARN__DUPLICATE_METHOD_MATCH = YES;
				CODE_SIGN_IDENTITY = "Mac Developer";
				COPY_PHASE_STRIP = NO;
				DEBUG_INFORMATION_FORMAT = dwarf;
				ENABLE_STRICT_OBJC_MSGSEND = YES;
				ENABLE_TESTABILITY = YES;
				GCC_C_LANGUAGE_STANDARD = gnu11;
				GCC_DYNAMIC_NO_PIC = NO;
				GCC_NO_COMMON_BLOCKS = YES;
				GCC_OPTIMIZATION_LEVEL = 0;
				GCC_PREPROCESSOR_DEFINITIONS = (
					"DEBUG=1",
					"$(inherited)",
				);
				GCC_WARN_64_TO_32_BIT_CONVERSION = YES;
				GCC_WARN_ABOUT_RETURN_TYPE = YES_ERROR;
				GCC_WARN_UNDECLARED_SELECTOR = YES;
				GCC_WARN_UNINITIALIZED_AUTOS = YES_AGGRESSIVE;
				GCC_WARN_UNUSED_FUNCTION = YES;
				GCC_WARN_UNUSED_VARIABLE = YES;
				MACOSX_DEPLOYMENT_TARGET = 10.13;
				MTL_ENABLE_DEBUG_INFO = YES;
				ONLY_ACTIVE_ARCH = YES;
				SDKROOT = macosx;
				SWIFT_ACTIVE_COMPILATION_CONDITIONS = DEBUG;
				SWIFT_OPTIMIZATION_LEVEL = "-Onone";
			};
			name = Debug;
		};
		375E568020E948E20044020C /* Release */ = {
			isa = XCBuildConfiguration;
			buildSettings = {
				ALWAYS_SEARCH_USER_PATHS = NO;
				CLANG_ANALYZER_NONNULL = YES;
				CLANG_ANALYZER_NUMBER_OBJECT_CONVERSION = YES_AGGRESSIVE;
				CLANG_CXX_LANGUAGE_STANDARD = "gnu++14";
				CLANG_CXX_LIBRARY = "libc++";
				CLANG_ENABLE_MODULES = YES;
				CLANG_ENABLE_OBJC_ARC = YES;
				CLANG_ENABLE_OBJC_WEAK = YES;
				CLANG_WARN_BLOCK_CAPTURE_AUTORELEASING = YES;
				CLANG_WARN_BOOL_CONVERSION = YES;
				CLANG_WARN_COMMA = YES;
				CLANG_WARN_CONSTANT_CONVERSION = YES;
				CLANG_WARN_DEPRECATED_OBJC_IMPLEMENTATIONS = YES;
				CLANG_WARN_DIRECT_OBJC_ISA_USAGE = YES_ERROR;
				CLANG_WARN_DOCUMENTATION_COMMENTS = YES;
				CLANG_WARN_EMPTY_BODY = YES;
				CLANG_WARN_ENUM_CONVERSION = YES;
				CLANG_WARN_INFINITE_RECURSION = YES;
				CLANG_WARN_INT_CONVERSION = YES;
				CLANG_WARN_NON_LITERAL_NULL_CONVERSION = YES;
				CLANG_WARN_OBJC_IMPLICIT_RETAIN_SELF = YES;
				CLANG_WARN_OBJC_LITERAL_CONVERSION = YES;
				CLANG_WARN_OBJC_ROOT_CLASS = YES_ERROR;
				CLANG_WARN_RANGE_LOOP_ANALYSIS = YES;
				CLANG_WARN_STRICT_PROTOTYPES = YES;
				CLANG_WARN_SUSPICIOUS_MOVE = YES;
				CLANG_WARN_UNGUARDED_AVAILABILITY = YES_AGGRESSIVE;
				CLANG_WARN_UNREACHABLE_CODE = YES;
				CLANG_WARN__DUPLICATE_METHOD_MATCH = YES;
				CODE_SIGN_IDENTITY = "Mac Developer";
				COPY_PHASE_STRIP = NO;
				DEBUG_INFORMATION_FORMAT = "dwarf-with-dsym";
				ENABLE_NS_ASSERTIONS = NO;
				ENABLE_STRICT_OBJC_MSGSEND = YES;
				GCC_C_LANGUAGE_STANDARD = gnu11;
				GCC_NO_COMMON_BLOCKS = YES;
				GCC_WARN_64_TO_32_BIT_CONVERSION = YES;
				GCC_WARN_ABOUT_RETURN_TYPE = YES_ERROR;
				GCC_WARN_UNDECLARED_SELECTOR = YES;
				GCC_WARN_UNINITIALIZED_AUTOS = YES_AGGRESSIVE;
				GCC_WARN_UNUSED_FUNCTION = YES;
				GCC_WARN_UNUSED_VARIABLE = YES;
				MACOSX_DEPLOYMENT_TARGET = 10.13;
				MTL_ENABLE_DEBUG_INFO = NO;
				SDKROOT = macosx;
				SWIFT_COMPILATION_MODE = wholemodule;
				SWIFT_OPTIMIZATION_LEVEL = "-O";
			};
			name = Release;
		};
		375E568220E948E20044020C /* Debug */ = {
			isa = XCBuildConfiguration;
			buildSettings = {
				ASSETCATALOG_COMPILER_APPICON_NAME = AppIcon;
				CODE_SIGN_STYLE = Automatic;
				COMBINE_HIDPI_IMAGES = YES;
				DEVELOPMENT_TEAM = KR7DPSRLLX;
				INFOPLIST_FILE = Shuffler2/Info.plist;
				LD_RUNPATH_SEARCH_PATHS = (
					"$(inherited)",
					"@executable_path/../Frameworks",
				);
				PRODUCT_BUNDLE_IDENTIFIER = com.app.mushin.Shuffler2;
				PRODUCT_NAME = "$(TARGET_NAME)";
				SWIFT_VERSION = 4.0;
			};
			name = Debug;
		};
		375E568320E948E20044020C /* Release */ = {
			isa = XCBuildConfiguration;
			buildSettings = {
				ASSETCATALOG_COMPILER_APPICON_NAME = AppIcon;
				CODE_SIGN_STYLE = Automatic;
				COMBINE_HIDPI_IMAGES = YES;
				DEVELOPMENT_TEAM = KR7DPSRLLX;
				INFOPLIST_FILE = Shuffler2/Info.plist;
				LD_RUNPATH_SEARCH_PATHS = (
					"$(inherited)",
					"@executable_path/../Frameworks",
				);
				PRODUCT_BUNDLE_IDENTIFIER = com.app.mushin.Shuffler2;
				PRODUCT_NAME = "$(TARGET_NAME)";
				SWIFT_VERSION = 4.0;
			};
			name = Release;
		};
/* End XCBuildConfiguration section */

/* Begin XCConfigurationList section */
		375E566C20E948E10044020C /* Build configuration list for PBXProject "Shuffler2" */ = {
			isa = XCConfigurationList;
			buildConfigurations = (
				375E567F20E948E20044020C /* Debug */,
				375E568020E948E20044020C /* Release */,
			);
			defaultConfigurationIsVisible = 0;
			defaultConfigurationName = Release;
		};
		375E568120E948E20044020C /* Build configuration list for PBXNativeTarget "Shuffler2" */ = {
			isa = XCConfigurationList;
			buildConfigurations = (
				375E568220E948E20044020C /* Debug */,
				375E568320E948E20044020C /* Release */,
			);
			defaultConfigurationIsVisible = 0;
			defaultConfigurationName = Release;
		};
/* End XCConfigurationList section */
	};
	rootObject = 375E566920E948E10044020C /* Project object */;
}
